
Microsoft Visual Studio Solution File, Format Version 12.00
# Visual Studio Version 17
VisualStudioVersion = 17.4.33122.133
MinimumVisualStudioVersion = 10.0.40219.1
Project("{2150E333-8FDC-42A3-9474-1A3956D46DE8}") = "Core", "Core", "{F6614288-1EF4-4FB3-B17D-E7011A447BAA}"
EndProject
Project("{FAE04EC0-301F-11D3-BF4B-00C04F79EFBC}") = "CarBook.Domain", "Core\CarBook.Domain\CarBook.Domain.csproj", "{74DCC3F6-B9E3-47EF-9D44-4DD45F914274}"
EndProject
Project("{2150E333-8FDC-42A3-9474-1A3956D46DE8}") = "Infrastructure", "Infrastructure", "{EDA6AD16-DE6F-4B9F-931E-7CC654EDBB6D}"
EndProject
Project("{FAE04EC0-301F-11D3-BF4B-00C04F79EFBC}") = "CarBook.Persistence", "Infrastructure\CarBook.Persistence\CarBook.Persistence.csproj", "{4F1E448E-F2ED-40D7-A1E4-C480A8815EBE}"
EndProject
Project("{2150E333-8FDC-42A3-9474-1A3956D46DE8}") = "Presentation", "Presentation", "{63162C10-0D3B-4441-AE7E-742BE116D405}"
EndProject
Project("{FAE04EC0-301F-11D3-BF4B-00C04F79EFBC}") = "CarBook.WebApi", "Presentation\CarBook.WebApi\CarBook.WebApi.csproj", "{A56953DE-C216-4042-B176-B244FD425122}"
EndProject
Global
	GlobalSection(SolutionConfigurationPlatforms) = preSolution
		Debug|Any CPU = Debug|Any CPU
		Release|Any CPU = Release|Any CPU
	EndGlobalSection
	GlobalSection(ProjectConfigurationPlatforms) = postSolution
		{74DCC3F6-B9E3-47EF-9D44-4DD45F914274}.Debug|Any CPU.ActiveCfg = Debug|Any CPU
		{74DCC3F6-B9E3-47EF-9D44-4DD45F914274}.Debug|Any CPU.Build.0 = Debug|Any CPU
		{74DCC3F6-B9E3-47EF-9D44-4DD45F914274}.Release|Any CPU.ActiveCfg = Release|Any CPU
		{74DCC3F6-B9E3-47EF-9D44-4DD45F914274}.Release|Any CPU.Build.0 = Release|Any CPU
		{4F1E448E-F2ED-40D7-A1E4-C480A8815EBE}.Debug|Any CPU.ActiveCfg = Debug|Any CPU
		{4F1E448E-F2ED-40D7-A1E4-C480A8815EBE}.Debug|Any CPU.Build.0 = Debug|Any CPU
		{4F1E448E-F2ED-40D7-A1E4-C480A8815EBE}.Release|Any CPU.ActiveCfg = Release|Any CPU
		{4F1E448E-F2ED-40D7-A1E4-C480A8815EBE}.Release|Any CPU.Build.0 = Release|Any CPU
		{A56953DE-C216-4042-B176-B244FD425122}.Debug|Any CPU.ActiveCfg = Debug|Any CPU
		{A56953DE-C216-4042-B176-B244FD425122}.Debug|Any CPU.Build.0 = Debug|Any CPU
		{A56953DE-C216-4042-B176-B244FD425122}.Release|Any CPU.ActiveCfg = Release|Any CPU
		{A56953DE-C216-4042-B176-B244FD425122}.Release|Any CPU.Build.0 = Release|Any CPU
	EndGlobalSection
	GlobalSection(SolutionProperties) = preSolution
		HideSolutionNode = FALSE
	EndGlobalSection
	GlobalSection(NestedProjects) = preSolution
		{74DCC3F6-B9E3-47EF-9D44-4DD45F914274} = {F6614288-1EF4-4FB3-B17D-E7011A447BAA}
		{4F1E448E-F2ED-40D7-A1E4-C480A8815EBE} = {EDA6AD16-DE6F-4B9F-931E-7CC654EDBB6D}
		{A56953DE-C216-4042-B176-B244FD425122} = {63162C10-0D3B-4441-AE7E-742BE116D405}
	EndGlobalSection
	GlobalSection(ExtensibilityGlobals) = postSolution
		SolutionGuid = {46E87D13-77D1-4333-8A28-B457ED8E14EF}
	EndGlobalSection
EndGlobal
